
Microsoft Visual Studio Solution File, Format Version 12.00
# Visual Studio 15
VisualStudioVersion = 15.0.28010.2016
MinimumVisualStudioVersion = 10.0.40219.1
Project("{FAE04EC0-301F-11D3-BF4B-00C04F79EFBC}") = "Subida FACe", "Subida FACe1\Subida FACe.csproj", "{8021E1DB-5EC0-4F7B-BC7B-6B1CD6ED1497}"
EndProject
Global
	GlobalSection(SolutionConfigurationPlatforms) = preSolution
		Debug|Any CPU = Debug|Any CPU
		Release|Any CPU = Release|Any CPU
	EndGlobalSection
	GlobalSection(ProjectConfigurationPlatforms) = postSolution
		{8021E1DB-5EC0-4F7B-BC7B-6B1CD6ED1497}.Debug|Any CPU.ActiveCfg = Debug|Any CPU
		{8021E1DB-5EC0-4F7B-BC7B-6B1CD6ED1497}.Debug|Any CPU.Build.0 = Debug|Any CPU
		{8021E1DB-5EC0-4F7B-BC7B-6B1CD6ED1497}.Release|Any CPU.ActiveCfg = Release|Any CPU
		{8021E1DB-5EC0-4F7B-BC7B-6B1CD6ED1497}.Release|Any CPU.Build.0 = Release|Any CPU
	EndGlobalSection
	GlobalSection(SolutionProperties) = preSolution
		HideSolutionNode = FALSE
	EndGlobalSection
	GlobalSection(ExtensibilityGlobals) = postSolution
		SolutionGuid = {A527227B-F5B8-467F-B197-751FA304DBAE}
	EndGlobalSection
EndGlobal
